<?xml version="1.0" encoding="utf-8"?>
<Project ToolsVersion="4.0" xmlns="http://schemas.microsoft.com/developer/msbuild/2003">
  <ItemGroup>
    <Filter Include="소스 파일">
      <UniqueIdentifier>{4FC737F1-C7A5-4376-A066-2A32D752A2FF}</UniqueIdentifier>
      <Extensions>cpp;c;cc;cxx;def;odl;idl;hpj;bat;asm;asmx</Extensions>
    </Filter>
    <Filter Include="헤더 파일">
      <UniqueIdentifier>{93995380-89BD-4b04-88EB-625FBE52EBFB}</UniqueIdentifier>
      <Extensions>h;hh;hpp;hxx;hm;inl;inc;ipp;xsd</Extensions>
    </Filter>
    <Filter Include="리소스 파일">
      <UniqueIdentifier>{67DA6AB6-F800-4c08-8B7A-83BB121AAD01}</UniqueIdentifier>
      <Extensions>rc;ico;cur;bmp;dlg;rc2;rct;bin;rgs;gif;jpg;jpeg;jpe;resx;tiff;tif;png;wav;mfcribbon-ms</Extensions>
    </Filter>
  </ItemGroup>
  <ItemGroup>
    <ClCompile Include="C++시작.cpp">
      <Filter>소스 파일</Filter>
    </ClCompile>
    <ClCompile Include="자료형.cpp">
      <Filter>소스 파일</Filter>
    </ClCompile>
    <ClCompile Include="추가연산자.cpp">
      <Filter>소스 파일</Filter>
    </ClCompile>
    <ClCompile Include="함수.cpp">
      <Filter>소스 파일</Filter>
    </ClCompile>
    <ClCompile Include="myFunctions.cpp">
      <Filter>소스 파일</Filter>
    </ClCompile>
    <ClCompile Include="Ranking.cpp">
      <Filter>소스 파일</Filter>
    </ClCompile>
    <ClCompile Include="FifteenPuzzle.cpp">
      <Filter>소스 파일</Filter>
    </ClCompile>
    <ClCompile Include="변수.cpp">
      <Filter>소스 파일</Filter>
    </ClCompile>
    <ClCompile Include="RussianRoulette.cpp">
      <Filter>소스 파일</Filter>
    </ClCompile>
    <ClCompile Include="sub.cpp">
      <Filter>소스 파일</Filter>
    </ClCompile>
    <ClCompile Include="클래스와 객체.cpp">
      <Filter>소스 파일</Filter>
    </ClCompile>
    <ClCompile Include="Circle.cpp">
      <Filter>소스 파일</Filter>
    </ClCompile>
    <ClCompile Include="Calculator.cpp">
      <Filter>소스 파일</Filter>
    </ClCompile>
    <ClCompile Include="Product.cpp">
      <Filter>소스 파일</Filter>
    </ClCompile>
    <ClCompile Include="Robot.cpp">
      <Filter>소스 파일</Filter>
    </ClCompile>
    <ClCompile Include="생성자와 소멸자.cpp">
      <Filter>소스 파일</Filter>
    </ClCompile>
    <ClCompile Include="객체배열과 객체포인터.cpp">
      <Filter>소스 파일</Filter>
    </ClCompile>
    <ClCompile Include="동적메모리와 클래스.cpp">
      <Filter>소스 파일</Filter>
    </ClCompile>
    <ClCompile Include="객체의 활용.cpp">
      <Filter>소스 파일</Filter>
    </ClCompile>
    <ClCompile Include="queue.cpp">
      <Filter>소스 파일</Filter>
    </ClCompile>
    <ClCompile Include="Fitness.cpp">
      <Filter>소스 파일</Filter>
    </ClCompile>
    <ClCompile Include="stack.cpp">
      <Filter>소스 파일</Filter>
    </ClCompile>
    <ClCompile Include="상속.cpp">
      <Filter>소스 파일</Filter>
    </ClCompile>
    <ClCompile Include="복사생성자.cpp">
      <Filter>소스 파일</Filter>
    </ClCompile>
    <ClCompile Include="프렌드.cpp">
      <Filter>소스 파일</Filter>
    </ClCompile>
    <ClCompile Include="연산자의오버로딩(1).cpp">
      <Filter>소스 파일</Filter>
    </ClCompile>
    <ClCompile Include="mytime.cpp">
      <Filter>소스 파일</Filter>
    </ClCompile>
    <ClCompile Include="Tv.cpp">
      <Filter>소스 파일</Filter>
    </ClCompile>
    <ClCompile Include="다형성.cpp">
      <Filter>소스 파일</Filter>
    </ClCompile>
    <ClCompile Include="stringbad.cpp">
      <Filter>소스 파일</Filter>
    </ClCompile>
    <ClCompile Include="Shape.cpp">
      <Filter>소스 파일</Filter>
    </ClCompile>
    <ClCompile Include="Rect.cpp">
      <Filter>소스 파일</Filter>
    </ClCompile>
    <ClCompile Include="Line.cpp">
      <Filter>소스 파일</Filter>
    </ClCompile>
    <ClCompile Include="연산자의오버로딩(2).cpp">
      <Filter>소스 파일</Filter>
    </ClCompile>
    <ClCompile Include="time.cpp">
      <Filter>소스 파일</Filter>
    </ClCompile>
    <ClCompile Include="연산자의오버로딩(3).cpp">
      <Filter>소스 파일</Filter>
    </ClCompile>
    <ClCompile Include="템플릿.cpp">
      <Filter>소스 파일</Filter>
    </ClCompile>
    <ClCompile Include="예외처리.cpp">
      <Filter>소스 파일</Filter>
    </ClCompile>
    <ClCompile Include="string 클래스.cpp">
      <Filter>소스 파일</Filter>
    </ClCompile>
    <ClCompile Include="파일입출력.cpp">
      <Filter>소스 파일</Filter>
    </ClCompile>
    <ClCompile Include="표준 템플릿 라이브러리.cpp">
      <Filter>소스 파일</Filter>
    </ClCompile>
    <ClCompile Include="STL알고리즘.cpp">
      <Filter>소스 파일</Filter>
    </ClCompile>
    <ClCompile Include="STL (Functor).cpp">
      <Filter>소스 파일</Filter>
    </ClCompile>
    <ClCompile Include="람다.cpp">
      <Filter>소스 파일</Filter>
    </ClCompile>
  </ItemGroup>
  <ItemGroup>
    <ClInclude Include="myFunctions.h">
      <Filter>헤더 파일</Filter>
    </ClInclude>
    <ClInclude Include="Ranking.h">
      <Filter>헤더 파일</Filter>
    </ClInclude>
    <ClInclude Include="RussianRoulette.h">
      <Filter>헤더 파일</Filter>
    </ClInclude>
    <ClInclude Include="golf.h">
      <Filter>헤더 파일</Filter>
    </ClInclude>
    <ClInclude Include="Circle.h">
      <Filter>헤더 파일</Filter>
    </ClInclude>
    <ClInclude Include="Calculator.h">
      <Filter>헤더 파일</Filter>
    </ClInclude>
    <ClInclude Include="Product.h">
      <Filter>헤더 파일</Filter>
    </ClInclude>
    <ClInclude Include="Hangman.h">
      <Filter>헤더 파일</Filter>
    </ClInclude>
    <ClInclude Include="Robot.h">
      <Filter>헤더 파일</Filter>
    </ClInclude>
    <ClInclude Include="queue.h">
      <Filter>헤더 파일</Filter>
    </ClInclude>
    <ClInclude Include="Fitness.h">
      <Filter>헤더 파일</Filter>
    </ClInclude>
    <ClInclude Include="stack.h">
      <Filter>헤더 파일</Filter>
    </ClInclude>
    <ClInclude Include="Shapes.h">
      <Filter>헤더 파일</Filter>
    </ClInclude>
    <ClInclude Include="Canvas.h">
      <Filter>헤더 파일</Filter>
    </ClInclude>
    <ClInclude Include="mytime.h">
      <Filter>헤더 파일</Filter>
    </ClInclude>
    <ClInclude Include="Tv.h">
      <Filter>헤더 파일</Filter>
    </ClInclude>
    <ClInclude Include="stringbad.h">
      <Filter>헤더 파일</Filter>
    </ClInclude>
    <ClInclude Include="Shape.h">
      <Filter>헤더 파일</Filter>
    </ClInclude>
    <ClInclude Include="Rect.h">
      <Filter>헤더 파일</Filter>
    </ClInclude>
    <ClInclude Include="Line.h">
      <Filter>헤더 파일</Filter>
    </ClInclude>
    <ClInclude Include="myin.h">
      <Filter>헤더 파일</Filter>
    </ClInclude>
    <ClInclude Include="time.h">
      <Filter>헤더 파일</Filter>
    </ClInclude>
    <ClInclude Include="Monster.h">
      <Filter>헤더 파일</Filter>
    </ClInclude>
    <ClInclude Include="MonsterWorld.h">
      <Filter>헤더 파일</Filter>
    </ClInclude>
    <ClInclude Include="VariousMonster.h">
      <Filter>헤더 파일</Filter>
    </ClInclude>
    <ClInclude Include="Matrix.h">
      <Filter>헤더 파일</Filter>
    </ClInclude>
    <ClInclude Include="array.h">
      <Filter>헤더 파일</Filter>
    </ClInclude>
    <ClInclude Include="myheader.h">
      <Filter>헤더 파일</Filter>
    </ClInclude>
    <ClInclude Include="mystring.h">
      <Filter>헤더 파일</Filter>
    </ClInclude>
  </ItemGroup>
</Project>